
Microsoft Visual Studio Solution File, Format Version 12.00
Project("{FAE04EC0-301F-11D3-BF4B-00C04F79EFBC}") = "Hotellerie-Jihed-BenZarb", "Hotellerie-Jihed-BenZarb\Hotellerie-Jihed-BenZarb.csproj", "{E1E0A780-0179-4E85-95A6-B328F4DB846C}"
EndProject
Global
	GlobalSection(SolutionConfigurationPlatforms) = preSolution
		Debug|Any CPU = Debug|Any CPU
		Release|Any CPU = Release|Any CPU
	EndGlobalSection
	GlobalSection(ProjectConfigurationPlatforms) = postSolution
		{E1E0A780-0179-4E85-95A6-B328F4DB846C}.Debug|Any CPU.ActiveCfg = Debug|Any CPU
		{E1E0A780-0179-4E85-95A6-B328F4DB846C}.Debug|Any CPU.Build.0 = Debug|Any CPU
		{E1E0A780-0179-4E85-95A6-B328F4DB846C}.Release|Any CPU.ActiveCfg = Release|Any CPU
		{E1E0A780-0179-4E85-95A6-B328F4DB846C}.Release|Any CPU.Build.0 = Release|Any CPU
	EndGlobalSection
EndGlobal
